
Microsoft Visual Studio Solution File, Format Version 12.00
# Visual Studio 2012
Project("{FAE04EC0-301F-11D3-BF4B-00C04F79EFBC}") = "MongoSessionStateStore", "MongoSessionStateStore\MongoSessionStateStore.csproj", "{F57875FE-9A6F-4478-A7C9-D85A0C85DBA6}"
EndProject
Global
	GlobalSection(SolutionConfigurationPlatforms) = preSolution
		Debug|Any CPU = Debug|Any CPU
		Release|Any CPU = Release|Any CPU
	EndGlobalSection
	GlobalSection(ProjectConfigurationPlatforms) = postSolution
		{F57875FE-9A6F-4478-A7C9-D85A0C85DBA6}.Debug|Any CPU.ActiveCfg = Debug|Any CPU
		{F57875FE-9A6F-4478-A7C9-D85A0C85DBA6}.Debug|Any CPU.Build.0 = Debug|Any CPU
		{F57875FE-9A6F-4478-A7C9-D85A0C85DBA6}.Release|Any CPU.ActiveCfg = Release|Any CPU
		{F57875FE-9A6F-4478-A7C9-D85A0C85DBA6}.Release|Any CPU.Build.0 = Release|Any CPU
	EndGlobalSection
	GlobalSection(SolutionProperties) = preSolution
		HideSolutionNode = FALSE
	EndGlobalSection
EndGlobal
